
Microsoft Visual Studio Solution File, Format Version 12.00
# Visual Studio Version 17
VisualStudioVersion = 17.11.35208.52
MinimumVisualStudioVersion = 10.0.40219.1
Project("{9A19103F-16F7-4668-BE54-9A1E7A4F7556}") = "Symptoms.Api", "Api\Symptoms.Api\Symptoms.Api.csproj", "{564BD394-7034-4C5C-A9F0-18CEA7D51085}"
EndProject
Project("{2150E333-8FDC-42A3-9474-1A3956D46DE8}") = "Api", "Api", "{37266C09-E2FB-4901-8B68-75F29B972D64}"
EndProject
Project("{FAE04EC0-301F-11D3-BF4B-00C04F79EFBC}") = "Symptoms.ApiClient", "Api\Symptoms.ApiClient\Symptoms.ApiClient.csproj", "{2CBDD664-DDBF-48E1-9B92-C08C8EF45AD9}"
EndProject
Project("{2150E333-8FDC-42A3-9474-1A3956D46DE8}") = "Presentation", "Presentation", "{8CA5C92B-7689-4ECA-9779-0EA19C3C711B}"
EndProject
Project("{FAE04EC0-301F-11D3-BF4B-00C04F79EFBC}") = "Symptoms.Client", "Presentation\Symptoms.Client\Symptoms.Client.csproj", "{17CDE5AF-EF16-47AB-B329-325E00194E55}"
EndProject
Global
	GlobalSection(SolutionConfigurationPlatforms) = preSolution
		Debug|Any CPU = Debug|Any CPU
		Release|Any CPU = Release|Any CPU
	EndGlobalSection
	GlobalSection(ProjectConfigurationPlatforms) = postSolution
		{564BD394-7034-4C5C-A9F0-18CEA7D51085}.Debug|Any CPU.ActiveCfg = Debug|Any CPU
		{564BD394-7034-4C5C-A9F0-18CEA7D51085}.Debug|Any CPU.Build.0 = Debug|Any CPU
		{564BD394-7034-4C5C-A9F0-18CEA7D51085}.Release|Any CPU.ActiveCfg = Release|Any CPU
		{564BD394-7034-4C5C-A9F0-18CEA7D51085}.Release|Any CPU.Build.0 = Release|Any CPU
		{2CBDD664-DDBF-48E1-9B92-C08C8EF45AD9}.Debug|Any CPU.ActiveCfg = Debug|Any CPU
		{2CBDD664-DDBF-48E1-9B92-C08C8EF45AD9}.Debug|Any CPU.Build.0 = Debug|Any CPU
		{2CBDD664-DDBF-48E1-9B92-C08C8EF45AD9}.Release|Any CPU.ActiveCfg = Release|Any CPU
		{2CBDD664-DDBF-48E1-9B92-C08C8EF45AD9}.Release|Any CPU.Build.0 = Release|Any CPU
		{17CDE5AF-EF16-47AB-B329-325E00194E55}.Debug|Any CPU.ActiveCfg = Debug|Any CPU
		{17CDE5AF-EF16-47AB-B329-325E00194E55}.Debug|Any CPU.Build.0 = Debug|Any CPU
		{17CDE5AF-EF16-47AB-B329-325E00194E55}.Debug|Any CPU.Deploy.0 = Debug|Any CPU
		{17CDE5AF-EF16-47AB-B329-325E00194E55}.Release|Any CPU.ActiveCfg = Release|Any CPU
		{17CDE5AF-EF16-47AB-B329-325E00194E55}.Release|Any CPU.Build.0 = Release|Any CPU
		{17CDE5AF-EF16-47AB-B329-325E00194E55}.Release|Any CPU.Deploy.0 = Release|Any CPU
	EndGlobalSection
	GlobalSection(SolutionProperties) = preSolution
		HideSolutionNode = FALSE
	EndGlobalSection
	GlobalSection(NestedProjects) = preSolution
		{564BD394-7034-4C5C-A9F0-18CEA7D51085} = {37266C09-E2FB-4901-8B68-75F29B972D64}
		{2CBDD664-DDBF-48E1-9B92-C08C8EF45AD9} = {37266C09-E2FB-4901-8B68-75F29B972D64}
		{17CDE5AF-EF16-47AB-B329-325E00194E55} = {8CA5C92B-7689-4ECA-9779-0EA19C3C711B}
	EndGlobalSection
	GlobalSection(ExtensibilityGlobals) = postSolution
		SolutionGuid = {96536F7D-5400-453D-B863-CB896145C024}
	EndGlobalSection
EndGlobal
